
Microsoft Visual Studio Solution File, Format Version 12.00
# Visual Studio Version 16
VisualStudioVersion = 16.0.29609.76
MinimumVisualStudioVersion = 10.0.40219.1
Project("{FAE04EC0-301F-11D3-BF4B-00C04F79EFBC}") = "Demo.Localization", "Demo.Localization\Demo.Localization.csproj", "{9603470D-D4F1-4883-9367-FFCCBB3277AA}"
EndProject
Global
	GlobalSection(SolutionConfigurationPlatforms) = preSolution
		Debug|Any CPU = Debug|Any CPU
		Release|Any CPU = Release|Any CPU
	EndGlobalSection
	GlobalSection(ProjectConfigurationPlatforms) = postSolution
		{9603470D-D4F1-4883-9367-FFCCBB3277AA}.Debug|Any CPU.ActiveCfg = Debug|Any CPU
		{9603470D-D4F1-4883-9367-FFCCBB3277AA}.Debug|Any CPU.Build.0 = Debug|Any CPU
		{9603470D-D4F1-4883-9367-FFCCBB3277AA}.Release|Any CPU.ActiveCfg = Release|Any CPU
		{9603470D-D4F1-4883-9367-FFCCBB3277AA}.Release|Any CPU.Build.0 = Release|Any CPU
	EndGlobalSection
	GlobalSection(SolutionProperties) = preSolution
		HideSolutionNode = FALSE
	EndGlobalSection
	GlobalSection(ExtensibilityGlobals) = postSolution
		SolutionGuid = {B358F9D7-3ED2-43FB-8850-16171CF4102B}
	EndGlobalSection
EndGlobal
